// !$*UTF8*$!
{
	archiveVersion = 1;
	classes = {
	};
	objectVersion = 46;
	objects = {

/* Begin PBXBuildFile section */
		4AEA59AA1E93D9B500EFCB45 /* AppDelegate.swift in Sources */ = {isa = PBXBuildFile; fileRef = 4AEA59A91E93D9B500EFCB45 /* AppDelegate.swift */; };
		4AEA59AC1E93D9B500EFCB45 /* ViewController.swift in Sources */ = {isa = PBXBuildFile; fileRef = 4AEA59AB1E93D9B500EFCB45 /* ViewController.swift */; };
		4AEA59AF1E93D9B500EFCB45 /* Main.storyboard in Resources */ = {isa = PBXBuildFile; fileRef = 4AEA59AD1E93D9B500EFCB45 /* Main.storyboard */; };
		4AEA59B11E93D9B500EFCB45 /* Assets.xcassets in Resources */ = {isa = PBXBuildFile; fileRef = 4AEA59B01E93D9B500EFCB45 /* Assets.xcassets */; };
		4AEA59B41E93D9B500EFCB45 /* LaunchScreen.storyboard in Resources */ = {isa = PBXBuildFile; fileRef = 4AEA59B21E93D9B500EFCB45 /* LaunchScreen.storyboard */; };
		4AEA59BF1E93D9B500EFCB45 /* saaTests.swift in Sources */ = {isa = PBXBuildFile; fileRef = 4AEA59BE1E93D9B500EFCB45 /* saaTests.swift */; };
		4AEA59CA1E93D9B500EFCB45 /* saaUITests.swift in Sources */ = {isa = PBXBuildFile; fileRef = 4AEA59C91E93D9B500EFCB45 /* saaUITests.swift */; };
/* End PBXBuildFile section */

/* Begin PBXContainerItemProxy section */
		4AEA59BB1E93D9B500EFCB45 /* PBXContainerItemProxy */ = {
			isa = PBXContainerItemProxy;
			containerPortal = 4AEA599E1E93D9B500EFCB45 /* Project object */;
			proxyType = 1;
			remoteGlobalIDString = 4AEA59A51E93D9B500EFCB45;
			remoteInfo = saa;
		};
		4AEA59C61E93D9B500EFCB45 /* PBXContainerItemProxy */ = {
			isa = PBXContainerItemProxy;
			containerPortal = 4AEA599E1E93D9B500EFCB45 /* Project object */;
			proxyType = 1;
			remoteGlobalIDString = 4AEA59A51E93D9B500EFCB45;
			remoteInfo = saa;
		};
/* End PBXContainerItemProxy section */

/* Begin PBXFileReference section */
		4AEA59A61E93D9B500EFCB45 /* saa.app */ = {isa = PBXFileReference; explicitFileType = wrapper.application; includeInIndex = 0; path = saa.app; sourceTree = BUILT_PRODUCTS_DIR; };
		4AEA59A91E93D9B500EFCB45 /* AppDelegate.swift */ = {isa = PBXFileReference; lastKnownFileType = sourcecode.swift; path = AppDelegate.swift; sourceTree = "<group>"; };
		4AEA59AB1E93D9B500EFCB45 /* ViewController.swift */ = {isa = PBXFileReference; lastKnownFileType = sourcecode.swift; path = ViewController.swift; sourceTree = "<group>"; };
		4AEA59AE1E93D9B500EFCB45 /* Base */ = {isa = PBXFileReference; lastKnownFileType = file.storyboard; name = Base; path = Base.lproj/Main.storyboard; sourceTree = "<group>"; };
		4AEA59B01E93D9B500EFCB45 /* Assets.xcassets */ = {isa = PBXFileReference; lastKnownFileType = folder.assetcatalog; path = Assets.xcassets; sourceTree = "<group>"; };
		4AEA59B31E93D9B500EFCB45 /* Base */ = {isa = PBXFileReference; lastKnownFileType = file.storyboard; name = Base; path = Base.lproj/LaunchScreen.storyboard; sourceTree = "<group>"; };
		4AEA59B51E93D9B500EFCB45 /* Info.plist */ = {isa = PBXFileReference; lastKnownFileType = text.plist.xml; path = Info.plist; sourceTree = "<group>"; };
		4AEA59BA1E93D9B500EFCB45 /* saaTests.xctest */ = {isa = PBXFileReference; explicitFileType = wrapper.cfbundle; includeInIndex = 0; path = saaTests.xctest; sourceTree = BUILT_PRODUCTS_DIR; };
		4AEA59BE1E93D9B500EFCB45 /* saaTests.swift */ = {isa = PBXFileReference; lastKnownFileType = sourcecode.swift; path = saaTests.swift; sourceTree = "<group>"; };
		4AEA59C01E93D9B500EFCB45 /* Info.plist */ = {isa = PBXFileReference; lastKnownFileType = text.plist.xml; path = Info.plist; sourceTree = "<group>"; };
		4AEA59C51E93D9B500EFCB45 /* saaUITests.xctest */ = {isa = PBXFileReference; explicitFileType = wrapper.cfbundle; includeInIndex = 0; path = saaUITests.xctest; sourceTree = BUILT_PRODUCTS_DIR; };
		4AEA59C91E93D9B500EFCB45 /* saaUITests.swift */ = {isa = PBXFileReference; lastKnownFileType = sourcecode.swift; path = saaUITests.swift; sourceTree = "<group>"; };
		4AEA59CB1E93D9B500EFCB45 /* Info.plist */ = {isa = PBXFileReference; lastKnownFileType = text.plist.xml; path = Info.plist; sourceTree = "<group>"; };
/* End PBXFileReference section */

/* Begin PBXFrameworksBuildPhase section */
		4AEA59A31E93D9B500EFCB45 /* Frameworks */ = {
			isa = PBXFrameworksBuildPhase;
			buildActionMask = 2147483647;
			files = (
			);
			runOnlyForDeploymentPostprocessing = 0;
		};
		4AEA59B71E93D9B500EFCB45 /* Frameworks */ = {
			isa = PBXFrameworksBuildPhase;
			buildActionMask = 2147483647;
			files = (
			);
			runOnlyForDeploymentPostprocessing = 0;
		};
		4AEA59C21E93D9B500EFCB45 /* Frameworks */ = {
			isa = PBXFrameworksBuildPhase;
			buildActionMask = 2147483647;
			files = (
			);
			runOnlyForDeploymentPostprocessing = 0;
		};
/* End PBXFrameworksBuildPhase section */

/* Begin PBXGroup section */
		4AEA599D1E93D9B500EFCB45 = {
			isa = PBXGroup;
			children = (
				4AEA59A81E93D9B500EFCB45 /* saa */,
				4AEA59BD1E93D9B500EFCB45 /* saaTests */,
				4AEA59C81E93D9B500EFCB45 /* saaUITests */,
				4AEA59A71E93D9B500EFCB45 /* Products */,
			);
			sourceTree = "<group>";
		};
		4AEA59A71E93D9B500EFCB45 /* Products */ = {
			isa = PBXGroup;
			children = (
				4AEA59A61E93D9B500EFCB45 /* saa.app */,
				4AEA59BA1E93D9B500EFCB45 /* saaTests.xctest */,
				4AEA59C51E93D9B500EFCB45 /* saaUITests.xctest */,
			);
			name = Products;
			sourceTree = "<group>";
		};
		4AEA59A81E93D9B500EFCB45 /* saa */ = {
			isa = PBXGroup;
			children = (
				4AEA59A91E93D9B500EFCB45 /* AppDelegate.swift */,
				4AEA59AB1E93D9B500EFCB45 /* ViewController.swift */,
				4AEA59AD1E93D9B500EFCB45 /* Main.storyboard */,
				4AEA59B01E93D9B500EFCB45 /* Assets.xcassets */,
				4AEA59B21E93D9B500EFCB45 /* LaunchScreen.storyboard */,
				4AEA59B51E93D9B500EFCB45 /* Info.plist */,
			);
			path = saa;
			sourceTree = "<group>";
		};
		4AEA59BD1E93D9B500EFCB45 /* saaTests */ = {
			isa = PBXGroup;
			children = (
				4AEA59BE1E93D9B500EFCB45 /* saaTests.swift */,
				4AEA59C01E93D9B500EFCB45 /* Info.plist */,
			);
			path = saaTests;
			sourceTree = "<group>";
		};
		4AEA59C81E93D9B500EFCB45 /* saaUITests */ = {
			isa = PBXGroup;
			children = (
				4AEA59C91E93D9B500EFCB45 /* saaUITests.swift */,
				4AEA59CB1E93D9B500EFCB45 /* Info.plist */,
			);
			path = saaUITests;
			sourceTree = "<group>";
		};
/* End PBXGroup section */

/* Begin PBXNativeTarget section */
		4AEA59A51E93D9B500EFCB45 /* saa */ = {
			isa = PBXNativeTarget;
			buildConfigurationList = 4AEA59CE1E93D9B500EFCB45 /* Build configuration list for PBXNativeTarget "saa" */;
			buildPhases = (
				4AEA59A21E93D9B500EFCB45 /* Sources */,
				4AEA59A31E93D9B500EFCB45 /* Frameworks */,
				4AEA59A41E93D9B500EFCB45 /* Resources */,
			);
			buildRules = (
			);
			dependencies = (
			);
			name = saa;
			productName = saa;
			productReference = 4AEA59A61E93D9B500EFCB45 /* saa.app */;
			productType = "com.apple.product-type.application";
		};
		4AEA59B91E93D9B500EFCB45 /* saaTests */ = {
			isa = PBXNativeTarget;
			buildConfigurationList = 4AEA59D11E93D9B500EFCB45 /* Build configuration list for PBXNativeTarget "saaTests" */;
			buildPhases = (
				4AEA59B61E93D9B500EFCB45 /* Sources */,
				4AEA59B71E93D9B500EFCB45 /* Frameworks */,
				4AEA59B81E93D9B500EFCB45 /* Resources */,
			);
			buildRules = (
			);
			dependencies = (
				4AEA59BC1E93D9B500EFCB45 /* PBXTargetDependency */,
			);
			name = saaTests;
			productName = saaTests;
			productReference = 4AEA59BA1E93D9B500EFCB45 /* saaTests.xctest */;
			productType = "com.apple.product-type.bundle.unit-test";
		};
		4AEA59C41E93D9B500EFCB45 /* saaUITests */ = {
			isa = PBXNativeTarget;
			buildConfigurationList = 4AEA59D41E93D9B500EFCB45 /* Build configuration list for PBXNativeTarget "saaUITests" */;
			buildPhases = (
				4AEA59C11E93D9B500EFCB45 /* Sources */,
				4AEA59C21E93D9B500EFCB45 /* Frameworks */,
				4AEA59C31E93D9B500EFCB45 /* Resources */,
			);
			buildRules = (
			);
			dependencies = (
				4AEA59C71E93D9B500EFCB45 /* PBXTargetDependency */,
			);
			name = saaUITests;
			productName = saaUITests;
			productReference = 4AEA59C51E93D9B500EFCB45 /* saaUITests.xctest */;
			productType = "com.apple.product-type.bundle.ui-testing";
		};
/* End PBXNativeTarget section */

/* Begin PBXProject section */
		4AEA599E1E93D9B500EFCB45 /* Project object */ = {
			isa = PBXProject;
			attributes = {
				LastSwiftUpdateCheck = 0830;
				LastUpgradeCheck = 0830;
				ORGANIZATIONNAME = "F-JR";
				TargetAttributes = {
					4AEA59A51E93D9B500EFCB45 = {
						CreatedOnToolsVersion = 8.3;
						ProvisioningStyle = Automatic;
					};
					4AEA59B91E93D9B500EFCB45 = {
						CreatedOnToolsVersion = 8.3;
						ProvisioningStyle = Automatic;
						TestTargetID = 4AEA59A51E93D9B500EFCB45;
					};
					4AEA59C41E93D9B500EFCB45 = {
						CreatedOnToolsVersion = 8.3;
						ProvisioningStyle = Automatic;
						TestTargetID = 4AEA59A51E93D9B500EFCB45;
					};
				};
			};
			buildConfigurationList = 4AEA59A11E93D9B500EFCB45 /* Build configuration list for PBXProject "saa" */;
			compatibilityVersion = "Xcode 3.2";
			developmentRegion = English;
			hasScannedForEncodings = 0;
			knownRegions = (
				en,
				Base,
			);
			mainGroup = 4AEA599D1E93D9B500EFCB45;
			productRefGroup = 4AEA59A71E93D9B500EFCB45 /* Products */;
			projectDirPath = "";
			projectRoot = "";
			targets = (
				4AEA59A51E93D9B500EFCB45 /* saa */,
				4AEA59B91E93D9B500EFCB45 /* saaTests */,
				4AEA59C41E93D9B500EFCB45 /* saaUITests */,
			);
		};
/* End PBXProject section */

/* Begin PBXResourcesBuildPhase section */
		4AEA59A41E93D9B500EFCB45 /* Resources */ = {
			isa = PBXResourcesBuildPhase;
			buildActionMask = 2147483647;
			files = (
				4AEA59B41E93D9B500EFCB45 /* LaunchScreen.storyboard in Resources */,
				4AEA59B11E93D9B500EFCB45 /* Assets.xcassets in Resources */,
				4AEA59AF1E93D9B500EFCB45 /* Main.storyboard in Resources */,
			);
			runOnlyForDeploymentPostprocessing = 0;
		};
		4AEA59B81E93D9B500EFCB45 /* Resources */ = {
			isa = PBXResourcesBuildPhase;
			buildActionMask = 2147483647;
			files = (
			);
			runOnlyForDeploymentPostprocessing = 0;
		};
		4AEA59C31E93D9B500EFCB45 /* Resources */ = {
			isa = PBXResourcesBuildPhase;
			buildActionMask = 2147483647;
			files = (
			);
			runOnlyForDeploymentPostprocessing = 0;
		};
/* End PBXResourcesBuildPhase section */

/* Begin PBXSourcesBuildPhase section */
		4AEA59A21E93D9B500EFCB45 /* Sources */ = {
			isa = PBXSourcesBuildPhase;
			buildActionMask = 2147483647;
			files = (
				4AEA59AC1E93D9B500EFCB45 /* ViewController.swift in Sources */,
				4AEA59AA1E93D9B500EFCB45 /* AppDelegate.swift in Sources */,
			);
			runOnlyForDeploymentPostprocessing = 0;
		};
		4AEA59B61E93D9B500EFCB45 /* Sources */ = {
			isa = PBXSourcesBuildPhase;
			buildActionMask = 2147483647;
			files = (
				4AEA59BF1E93D9B500EFCB45 /* saaTests.swift in Sources */,
			);
			runOnlyForDeploymentPostprocessing = 0;
		};
		4AEA59C11E93D9B500EFCB45 /* Sources */ = {
			isa = PBXSourcesBuildPhase;
			buildActionMask = 2147483647;
			files = (
				4AEA59CA1E93D9B500EFCB45 /* saaUITests.swift in Sources */,
			);
			runOnlyForDeploymentPostprocessing = 0;
		};
/* End PBXSourcesBuildPhase section */

/* Begin PBXTargetDependency section */
		4AEA59BC1E93D9B500EFCB45 /* PBXTargetDependency */ = {
			isa = PBXTargetDependency;
			target = 4AEA59A51E93D9B500EFCB45 /* saa */;
			targetProxy = 4AEA59BB1E93D9B500EFCB45 /* PBXContainerItemProxy */;
		};
		4AEA59C71E93D9B500EFCB45 /* PBXTargetDependency */ = {
			isa = PBXTargetDependency;
			target = 4AEA59A51E93D9B500EFCB45 /* saa */;
			targetProxy = 4AEA59C61E93D9B500EFCB45 /* PBXContainerItemProxy */;
		};
/* End PBXTargetDependency section */

/* Begin PBXVariantGroup section */
		4AEA59AD1E93D9B500EFCB45 /* Main.storyboard */ = {
			isa = PBXVariantGroup;
			children = (
				4AEA59AE1E93D9B500EFCB45 /* Base */,
			);
			name = Main.storyboard;
			sourceTree = "<group>";
		};
		4AEA59B21E93D9B500EFCB45 /* LaunchScreen.storyboard */ = {
			isa = PBXVariantGroup;
			children = (
				4AEA59B31E93D9B500EFCB45 /* Base */,
			);
			name = LaunchScreen.storyboard;
			sourceTree = "<group>";
		};
/* End PBXVariantGroup section */

/* Begin XCBuildConfiguration section */
		4AEA59CC1E93D9B500EFCB45 /* Debug */ = {
			isa = XCBuildConfiguration;
			buildSettings = {
				ALWAYS_SEARCH_USER_PATHS = NO;
				CLANG_ANALYZER_NONNULL = YES;
				CLANG_ANALYZER_NUMBER_OBJECT_CONVERSION = YES_AGGRESSIVE;
				CLANG_CXX_LANGUAGE_STANDARD = "gnu++0x";
				CLANG_CXX_LIBRARY = "libc++";
				CLANG_ENABLE_MODULES = YES;
				CLANG_ENABLE_OBJC_ARC = YES;
				CLANG_WARN_BOOL_CONVERSION = YES;
				CLANG_WARN_CONSTANT_CONVERSION = YES;
				CLANG_WARN_DIRECT_OBJC_ISA_USAGE = YES_ERROR;
				CLANG_WARN_DOCUMENTATION_COMMENTS = YES;
				CLANG_WARN_EMPTY_BODY = YES;
				CLANG_WARN_ENUM_CONVERSION = YES;
				CLANG_WARN_INFINITE_RECURSION = YES;
				CLANG_WARN_INT_CONVERSION = YES;
				CLANG_WARN_OBJC_ROOT_CLASS = YES_ERROR;
				CLANG_WARN_SUSPICIOUS_MOVE = YES;
				CLANG_WARN_UNREACHABLE_CODE = YES;
				CLANG_WARN__DUPLICATE_METHOD_MATCH = YES;
				"CODE_SIGN_IDENTITY[sdk=iphoneos*]" = "iPhone Developer";
				COPY_PHASE_STRIP = NO;
				DEBUG_INFORMATION_FORMAT = dwarf;
				ENABLE_STRICT_OBJC_MSGSEND = YES;
				ENABLE_TESTABILITY = YES;
				GCC_C_LANGUAGE_STANDARD = gnu99;
				GCC_DYNAMIC_NO_PIC = NO;
				GCC_NO_COMMON_BLOCKS = YES;
				GCC_OPTIMIZATION_LEVEL = 0;
				GCC_PREPROCESSOR_DEFINITIONS = (
					"DEBUG=1",
					"$(inherited)",
				);
				GCC_WARN_64_TO_32_BIT_CONVERSION = YES;
				GCC_WARN_ABOUT_RETURN_TYPE = YES_ERROR;
				GCC_WARN_UNDECLARED_SELECTOR = YES;
				GCC_WARN_UNINITIALIZED_AUTOS = YES_AGGRESSIVE;
				GCC_WARN_UNUSED_FUNCTION = YES;
				GCC_WARN_UNUSED_VARIABLE = YES;
				IPHONEOS_DEPLOYMENT_TARGET = 10.3;
				MTL_ENABLE_DEBUG_INFO = YES;
				ONLY_ACTIVE_ARCH = YES;
				SDKROOT = iphoneos;
				SWIFT_ACTIVE_COMPILATION_CONDITIONS = DEBUG;
				SWIFT_OPTIMIZATION_LEVEL = "-Onone";
				TARGETED_DEVICE_FAMILY = "1,2";
			};
			name = Debug;
		};
		4AEA59CD1E93D9B500EFCB45 /* Release */ = {
			isa = XCBuildConfiguration;
			buildSettings = {
				ALWAYS_SEARCH_USER_PATHS = NO;
				CLANG_ANALYZER_NONNULL = YES;
				CLANG_ANALYZER_NUMBER_OBJECT_CONVERSION = YES_AGGRESSIVE;
				CLANG_CXX_LANGUAGE_STANDARD = "gnu++0x";
				CLANG_CXX_LIBRARY = "libc++";
				CLANG_ENABLE_MODULES = YES;
				CLANG_ENABLE_OBJC_ARC = YES;
				CLANG_WARN_BOOL_CONVERSION = YES;
				CLANG_WARN_CONSTANT_CONVERSION = YES;
				CLANG_WARN_DIRECT_OBJC_ISA_USAGE = YES_ERROR;
				CLANG_WARN_DOCUMENTATION_COMMENTS = YES;
				CLANG_WARN_EMPTY_BODY = YES;
				CLANG_WARN_ENUM_CONVERSION = YES;
				CLANG_WARN_INFINITE_RECURSION = YES;
				CLANG_WARN_INT_CONVERSION = YES;
				CLANG_WARN_OBJC_ROOT_CLASS = YES_ERROR;
				CLANG_WARN_SUSPICIOUS_MOVE = YES;
				CLANG_WARN_UNREACHABLE_CODE = YES;
				CLANG_WARN__DUPLICATE_METHOD_MATCH = YES;
				"CODE_SIGN_IDENTITY[sdk=iphoneos*]" = "iPhone Developer";
				COPY_PHASE_STRIP = NO;
				DEBUG_INFORMATION_FORMAT = "dwarf-with-dsym";
				ENABLE_NS_ASSERTIONS = NO;
				ENABLE_STRICT_OBJC_MSGSEND = YES;
				GCC_C_LANGUAGE_STANDARD = gnu99;
				GCC_NO_COMMON_BLOCKS = YES;
				GCC_WARN_64_TO_32_BIT_CONVERSION = YES;
				GCC_WARN_ABOUT_RETURN_TYPE = YES_ERROR;
				GCC_WARN_UNDECLARED_SELECTOR = YES;
				GCC_WARN_UNINITIALIZED_AUTOS = YES_AGGRESSIVE;
				GCC_WARN_UNUSED_FUNCTION = YES;
				GCC_WARN_UNUSED_VARIABLE = YES;
				IPHONEOS_DEPLOYMENT_TARGET = 10.3;
				MTL_ENABLE_DEBUG_INFO = NO;
				SDKROOT = iphoneos;
				SWIFT_OPTIMIZATION_LEVEL = "-Owholemodule";
				TARGETED_DEVICE_FAMILY = "1,2";
				VALIDATE_PRODUCT = YES;
			};
			name = Release;
		};
		4AEA59CF1E93D9B500EFCB45 /* Debug */ = {
			isa = XCBuildConfiguration;
			buildSettings = {
				ASSETCATALOG_COMPILER_APPICON_NAME = AppIcon;
				INFOPLIST_FILE = saa/Info.plist;
				LD_RUNPATH_SEARCH_PATHS = "$(inherited) @executable_path/Frameworks";
				PRODUCT_BUNDLE_IDENTIFIER = aa.saa;
				PRODUCT_NAME = "$(TARGET_NAME)";
				SWIFT_VERSION = 3.0;
			};
			name = Debug;
		};
		4AEA59D01E93D9B500EFCB45 /* Release */ = {
			isa = XCBuildConfiguration;
			buildSettings = {
				ASSETCATALOG_COMPILER_APPICON_NAME = AppIcon;
				INFOPLIST_FILE = saa/Info.plist;
				LD_RUNPATH_SEARCH_PATHS = "$(inherited) @executable_path/Frameworks";
				PRODUCT_BUNDLE_IDENTIFIER = aa.saa;
				PRODUCT_NAME = "$(TARGET_NAME)";
				SWIFT_VERSION = 3.0;
			};
			name = Release;
		};
		4AEA59D21E93D9B500EFCB45 /* Debug */ = {
			isa = XCBuildConfiguration;
			buildSettings = {
				ALWAYS_EMBED_SWIFT_STANDARD_LIBRARIES = YES;
				BUNDLE_LOADER = "$(TEST_HOST)";
				INFOPLIST_FILE = saaTests/Info.plist;
				LD_RUNPATH_SEARCH_PATHS = "$(inherited) @executable_path/Frameworks @loader_path/Frameworks";
				PRODUCT_BUNDLE_IDENTIFIER = aa.saaTests;
				PRODUCT_NAME = "$(TARGET_NAME)";
				SWIFT_VERSION = 3.0;
				TEST_HOST = "$(BUILT_PRODUCTS_DIR)/saa.app/saa";
			};
			name = Debug;
		};
		4AEA59D31E93D9B500EFCB45 /* Release */ = {
			isa = XCBuildConfiguration;
			buildSettings = {
				ALWAYS_EMBED_SWIFT_STANDARD_LIBRARIES = YES;
				BUNDLE_LOADER = "$(TEST_HOST)";
				INFOPLIST_FILE = saaTests/Info.plist;
				LD_RUNPATH_SEARCH_PATHS = "$(inherited) @executable_path/Frameworks @loader_path/Frameworks";
				PRODUCT_BUNDLE_IDENTIFIER = aa.saaTests;
				PRODUCT_NAME = "$(TARGET_NAME)";
				SWIFT_VERSION = 3.0;
				TEST_HOST = "$(BUILT_PRODUCTS_DIR)/saa.app/saa";
			};
			name = Release;
		};
		4AEA59D51E93D9B500EFCB45 /* Debug */ = {
			isa = XCBuildConfiguration;
			buildSettings = {
				ALWAYS_EMBED_SWIFT_STANDARD_LIBRARIES = YES;
				INFOPLIST_FILE = saaUITests/Info.plist;
				LD_RUNPATH_SEARCH_PATHS = "$(inherited) @executable_path/Frameworks @loader_path/Frameworks";
				PRODUCT_BUNDLE_IDENTIFIER = aa.saaUITests;
				PRODUCT_NAME = "$(TARGET_NAME)";
				SWIFT_VERSION = 3.0;
				TEST_TARGET_NAME = saa;
			};
			name = Debug;
		};
		4AEA59D61E93D9B500EFCB45 /* Release */ = {
			isa = XCBuildConfiguration;
			buildSettings = {
				ALWAYS_EMBED_SWIFT_STANDARD_LIBRARIES = YES;
				INFOPLIST_FILE = saaUITests/Info.plist;
				LD_RUNPATH_SEARCH_PATHS = "$(inherited) @executable_path/Frameworks @loader_path/Frameworks";
				PRODUCT_BUNDLE_IDENTIFIER = aa.saaUITests;
				PRODUCT_NAME = "$(TARGET_NAME)";
				SWIFT_VERSION = 3.0;
				TEST_TARGET_NAME = saa;
			};
			name = Release;
		};
/* End XCBuildConfiguration section */

/* Begin XCConfigurationList section */
		4AEA59A11E93D9B500EFCB45 /* Build configuration list for PBXProject "saa" */ = {
			isa = XCConfigurationList;
			buildConfigurations = (
				4AEA59CC1E93D9B500EFCB45 /* Debug */,
				4AEA59CD1E93D9B500EFCB45 /* Release */,
			);
			defaultConfigurationIsVisible = 0;
			defaultConfigurationName = Release;
		};
		4AEA59CE1E93D9B500EFCB45 /* Build configuration list for PBXNativeTarget "saa" */ = {
			isa = XCConfigurationList;
			buildConfigurations = (
				4AEA59CF1E93D9B500EFCB45 /* Debug */,
				4AEA59D01E93D9B500EFCB45 /* Release */,
			);
			defaultConfigurationIsVisible = 0;
		};
		4AEA59D11E93D9B500EFCB45 /* Build configuration list for PBXNativeTarget "saaTests" */ = {
			isa = XCConfigurationList;
			buildConfigurations = (
				4AEA59D21E93D9B500EFCB45 /* Debug */,
				4AEA59D31E93D9B500EFCB45 /* Release */,
			);
			defaultConfigurationIsVisible = 0;
		};
		4AEA59D41E93D9B500EFCB45 /* Build configuration list for PBXNativeTarget "saaUITests" */ = {
			isa = XCConfigurationList;
			buildConfigurations = (
				4AEA59D51E93D9B500EFCB45 /* Debug */,
				4AEA59D61E93D9B500EFCB45 /* Release */,
			);
			defaultConfigurationIsVisible = 0;
		};
/* End XCConfigurationList section */
	};
	rootObject = 4AEA599E1E93D9B500EFCB45 /* Project object */;
}
